
Microsoft Visual Studio Solution File, Format Version 12.00
# Visual Studio Version 17
VisualStudioVersion = 17.5.002.0
MinimumVisualStudioVersion = 10.0.40219.1
Project("{9A19103F-16F7-4668-BE54-9A1E7A4F7556}") = "SampleProjects", "SampleProjects.csproj", "{8CA4DC87-B11A-482D-A6AA-FB4E8694E656}"
EndProject
Global
	GlobalSection(SolutionConfigurationPlatforms) = preSolution
		Debug|Any CPU = Debug|Any CPU
		Release|Any CPU = Release|Any CPU
	EndGlobalSection
	GlobalSection(ProjectConfigurationPlatforms) = postSolution
		{8CA4DC87-B11A-482D-A6AA-FB4E8694E656}.Debug|Any CPU.ActiveCfg = Debug|Any CPU
		{8CA4DC87-B11A-482D-A6AA-FB4E8694E656}.Debug|Any CPU.Build.0 = Debug|Any CPU
		{8CA4DC87-B11A-482D-A6AA-FB4E8694E656}.Release|Any CPU.ActiveCfg = Release|Any CPU
		{8CA4DC87-B11A-482D-A6AA-FB4E8694E656}.Release|Any CPU.Build.0 = Release|Any CPU
	EndGlobalSection
	GlobalSection(SolutionProperties) = preSolution
		HideSolutionNode = FALSE
	EndGlobalSection
	GlobalSection(ExtensibilityGlobals) = postSolution
		SolutionGuid = {AD904D93-32F7-4C12-A8CA-9AE8A1786CDF}
	EndGlobalSection
EndGlobal
